// !$*UTF8*$!
{
	archiveVersion = 1;
	classes = {
	};
	objectVersion = 56;
	objects = {

/* Begin PBXBuildFile section */
		78FD67EC29D36EAB00458BFE /* AppDelegate.swift in Sources */ = {isa = PBXBuildFile; fileRef = 78FD67EB29D36EAB00458BFE /* AppDelegate.swift */; };
		78FD67EE29D36EAB00458BFE /* SceneDelegate.swift in Sources */ = {isa = PBXBuildFile; fileRef = 78FD67ED29D36EAB00458BFE /* SceneDelegate.swift */; };
		78FD67F029D36EAB00458BFE /* ViewController.swift in Sources */ = {isa = PBXBuildFile; fileRef = 78FD67EF29D36EAB00458BFE /* ViewController.swift */; };
		78FD67F329D36EAB00458BFE /* Main.storyboard in Resources */ = {isa = PBXBuildFile; fileRef = 78FD67F129D36EAB00458BFE /* Main.storyboard */; };
		78FD67F629D36EAB00458BFE /* Challenge_2_3.xcdatamodeld in Sources */ = {isa = PBXBuildFile; fileRef = 78FD67F429D36EAB00458BFE /* Challenge_2_3.xcdatamodeld */; };
		78FD67F829D36EAD00458BFE /* Assets.xcassets in Resources */ = {isa = PBXBuildFile; fileRef = 78FD67F729D36EAD00458BFE /* Assets.xcassets */; };
		78FD67FB29D36EAD00458BFE /* LaunchScreen.storyboard in Resources */ = {isa = PBXBuildFile; fileRef = 78FD67F929D36EAD00458BFE /* LaunchScreen.storyboard */; };
		78FD680329D36F0500458BFE /* RGBView.swift in Sources */ = {isa = PBXBuildFile; fileRef = 78FD680229D36F0500458BFE /* RGBView.swift */; };
/* End PBXBuildFile section */

/* Begin PBXFileReference section */
		78FD67E829D36EAB00458BFE /* Challenge_2-3.app */ = {isa = PBXFileReference; explicitFileType = wrapper.application; includeInIndex = 0; path = "Challenge_2-3.app"; sourceTree = BUILT_PRODUCTS_DIR; };
		78FD67EB29D36EAB00458BFE /* AppDelegate.swift */ = {isa = PBXFileReference; lastKnownFileType = sourcecode.swift; path = AppDelegate.swift; sourceTree = "<group>"; };
		78FD67ED29D36EAB00458BFE /* SceneDelegate.swift */ = {isa = PBXFileReference; lastKnownFileType = sourcecode.swift; path = SceneDelegate.swift; sourceTree = "<group>"; };
		78FD67EF29D36EAB00458BFE /* ViewController.swift */ = {isa = PBXFileReference; lastKnownFileType = sourcecode.swift; path = ViewController.swift; sourceTree = "<group>"; };
		78FD67F229D36EAB00458BFE /* Base */ = {isa = PBXFileReference; lastKnownFileType = file.storyboard; name = Base; path = Base.lproj/Main.storyboard; sourceTree = "<group>"; };
		78FD67F529D36EAB00458BFE /* Challenge_2_3.xcdatamodel */ = {isa = PBXFileReference; lastKnownFileType = wrapper.xcdatamodel; path = Challenge_2_3.xcdatamodel; sourceTree = "<group>"; };
		78FD67F729D36EAD00458BFE /* Assets.xcassets */ = {isa = PBXFileReference; lastKnownFileType = folder.assetcatalog; path = Assets.xcassets; sourceTree = "<group>"; };
		78FD67FA29D36EAD00458BFE /* Base */ = {isa = PBXFileReference; lastKnownFileType = file.storyboard; name = Base; path = Base.lproj/LaunchScreen.storyboard; sourceTree = "<group>"; };
		78FD67FC29D36EAD00458BFE /* Info.plist */ = {isa = PBXFileReference; lastKnownFileType = text.plist.xml; path = Info.plist; sourceTree = "<group>"; };
		78FD680229D36F0500458BFE /* RGBView.swift */ = {isa = PBXFileReference; lastKnownFileType = sourcecode.swift; path = RGBView.swift; sourceTree = "<group>"; };
/* End PBXFileReference section */

/* Begin PBXFrameworksBuildPhase section */
		78FD67E529D36EAB00458BFE /* Frameworks */ = {
			isa = PBXFrameworksBuildPhase;
			buildActionMask = 2147483647;
			files = (
			);
			runOnlyForDeploymentPostprocessing = 0;
		};
/* End PBXFrameworksBuildPhase section */

/* Begin PBXGroup section */
		78FD67DF29D36EAB00458BFE = {
			isa = PBXGroup;
			children = (
				78FD67EA29D36EAB00458BFE /* Challenge_2-3 */,
				78FD67E929D36EAB00458BFE /* Products */,
			);
			sourceTree = "<group>";
		};
		78FD67E929D36EAB00458BFE /* Products */ = {
			isa = PBXGroup;
			children = (
				78FD67E829D36EAB00458BFE /* Challenge_2-3.app */,
			);
			name = Products;
			sourceTree = "<group>";
		};
		78FD67EA29D36EAB00458BFE /* Challenge_2-3 */ = {
			isa = PBXGroup;
			children = (
				78FD67EB29D36EAB00458BFE /* AppDelegate.swift */,
				78FD67ED29D36EAB00458BFE /* SceneDelegate.swift */,
				78FD67EF29D36EAB00458BFE /* ViewController.swift */,
				78FD680229D36F0500458BFE /* RGBView.swift */,
				78FD67F129D36EAB00458BFE /* Main.storyboard */,
				78FD67F729D36EAD00458BFE /* Assets.xcassets */,
				78FD67F929D36EAD00458BFE /* LaunchScreen.storyboard */,
				78FD67FC29D36EAD00458BFE /* Info.plist */,
				78FD67F429D36EAB00458BFE /* Challenge_2_3.xcdatamodeld */,
			);
			path = "Challenge_2-3";
			sourceTree = "<group>";
		};
/* End PBXGroup section */

/* Begin PBXNativeTarget section */
		78FD67E729D36EAB00458BFE /* Challenge_2-3 */ = {
			isa = PBXNativeTarget;
			buildConfigurationList = 78FD67FF29D36EAD00458BFE /* Build configuration list for PBXNativeTarget "Challenge_2-3" */;
			buildPhases = (
				78FD67E429D36EAB00458BFE /* Sources */,
				78FD67E529D36EAB00458BFE /* Frameworks */,
				78FD67E629D36EAB00458BFE /* Resources */,
			);
			buildRules = (
			);
			dependencies = (
			);
			name = "Challenge_2-3";
			productName = "Challenge_2-3";
			productReference = 78FD67E829D36EAB00458BFE /* Challenge_2-3.app */;
			productType = "com.apple.product-type.application";
		};
/* End PBXNativeTarget section */

/* Begin PBXProject section */
		78FD67E029D36EAB00458BFE /* Project object */ = {
			isa = PBXProject;
			attributes = {
				BuildIndependentTargetsInParallel = 1;
				LastSwiftUpdateCheck = 1420;
				LastUpgradeCheck = 1420;
				TargetAttributes = {
					78FD67E729D36EAB00458BFE = {
						CreatedOnToolsVersion = 14.2;
					};
				};
			};
			buildConfigurationList = 78FD67E329D36EAB00458BFE /* Build configuration list for PBXProject "Challenge_2-3" */;
			compatibilityVersion = "Xcode 14.0";
			developmentRegion = en;
			hasScannedForEncodings = 0;
			knownRegions = (
				en,
				Base,
			);
			mainGroup = 78FD67DF29D36EAB00458BFE;
			productRefGroup = 78FD67E929D36EAB00458BFE /* Products */;
			projectDirPath = "";
			projectRoot = "";
			targets = (
				78FD67E729D36EAB00458BFE /* Challenge_2-3 */,
			);
		};
/* End PBXProject section */

/* Begin PBXResourcesBuildPhase section */
		78FD67E629D36EAB00458BFE /* Resources */ = {
			isa = PBXResourcesBuildPhase;
			buildActionMask = 2147483647;
			files = (
				78FD67FB29D36EAD00458BFE /* LaunchScreen.storyboard in Resources */,
				78FD67F829D36EAD00458BFE /* Assets.xcassets in Resources */,
				78FD67F329D36EAB00458BFE /* Main.storyboard in Resources */,
			);
			runOnlyForDeploymentPostprocessing = 0;
		};
/* End PBXResourcesBuildPhase section */

/* Begin PBXSourcesBuildPhase section */
		78FD67E429D36EAB00458BFE /* Sources */ = {
			isa = PBXSourcesBuildPhase;
			buildActionMask = 2147483647;
			files = (
				78FD680329D36F0500458BFE /* RGBView.swift in Sources */,
				78FD67F629D36EAB00458BFE /* Challenge_2_3.xcdatamodeld in Sources */,
				78FD67F029D36EAB00458BFE /* ViewController.swift in Sources */,
				78FD67EC29D36EAB00458BFE /* AppDelegate.swift in Sources */,
				78FD67EE29D36EAB00458BFE /* SceneDelegate.swift in Sources */,
			);
			runOnlyForDeploymentPostprocessing = 0;
		};
/* End PBXSourcesBuildPhase section */

/* Begin PBXVariantGroup section */
		78FD67F129D36EAB00458BFE /* Main.storyboard */ = {
			isa = PBXVariantGroup;
			children = (
				78FD67F229D36EAB00458BFE /* Base */,
			);
			name = Main.storyboard;
			sourceTree = "<group>";
		};
		78FD67F929D36EAD00458BFE /* LaunchScreen.storyboard */ = {
			isa = PBXVariantGroup;
			children = (
				78FD67FA29D36EAD00458BFE /* Base */,
			);
			name = LaunchScreen.storyboard;
			sourceTree = "<group>";
		};
/* End PBXVariantGroup section */

/* Begin XCBuildConfiguration section */
		78FD67FD29D36EAD00458BFE /* Debug */ = {
			isa = XCBuildConfiguration;
			buildSettings = {
				ALWAYS_SEARCH_USER_PATHS = NO;
				CLANG_ANALYZER_NONNULL = YES;
				CLANG_ANALYZER_NUMBER_OBJECT_CONVERSION = YES_AGGRESSIVE;
				CLANG_CXX_LANGUAGE_STANDARD = "gnu++20";
				CLANG_ENABLE_MODULES = YES;
				CLANG_ENABLE_OBJC_ARC = YES;
				CLANG_ENABLE_OBJC_WEAK = YES;
				CLANG_WARN_BLOCK_CAPTURE_AUTORELEASING = YES;
				CLANG_WARN_BOOL_CONVERSION = YES;
				CLANG_WARN_COMMA = YES;
				CLANG_WARN_CONSTANT_CONVERSION = YES;
				CLANG_WARN_DEPRECATED_OBJC_IMPLEMENTATIONS = YES;
				CLANG_WARN_DIRECT_OBJC_ISA_USAGE = YES_ERROR;
				CLANG_WARN_DOCUMENTATION_COMMENTS = YES;
				CLANG_WARN_EMPTY_BODY = YES;
				CLANG_WARN_ENUM_CONVERSION = YES;
				CLANG_WARN_INFINITE_RECURSION = YES;
				CLANG_WARN_INT_CONVERSION = YES;
				CLANG_WARN_NON_LITERAL_NULL_CONVERSION = YES;
				CLANG_WARN_OBJC_IMPLICIT_RETAIN_SELF = YES;
				CLANG_WARN_OBJC_LITERAL_CONVERSION = YES;
				CLANG_WARN_OBJC_ROOT_CLASS = YES_ERROR;
				CLANG_WARN_QUOTED_INCLUDE_IN_FRAMEWORK_HEADER = YES;
				CLANG_WARN_RANGE_LOOP_ANALYSIS = YES;
				CLANG_WARN_STRICT_PROTOTYPES = YES;
				CLANG_WARN_SUSPICIOUS_MOVE = YES;
				CLANG_WARN_UNGUARDED_AVAILABILITY = YES_AGGRESSIVE;
				CLANG_WARN_UNREACHABLE_CODE = YES;
				CLANG_WARN__DUPLICATE_METHOD_MATCH = YES;
				COPY_PHASE_STRIP = NO;
				DEBUG_INFORMATION_FORMAT = dwarf;
				ENABLE_STRICT_OBJC_MSGSEND = YES;
				ENABLE_TESTABILITY = YES;
				GCC_C_LANGUAGE_STANDARD = gnu11;
				GCC_DYNAMIC_NO_PIC = NO;
				GCC_NO_COMMON_BLOCKS = YES;
				GCC_OPTIMIZATION_LEVEL = 0;
				GCC_PREPROCESSOR_DEFINITIONS = (
					"DEBUG=1",
					"$(inherited)",
				);
				GCC_WARN_64_TO_32_BIT_CONVERSION = YES;
				GCC_WARN_ABOUT_RETURN_TYPE = YES_ERROR;
				GCC_WARN_UNDECLARED_SELECTOR = YES;
				GCC_WARN_UNINITIALIZED_AUTOS = YES_AGGRESSIVE;
				GCC_WARN_UNUSED_FUNCTION = YES;
				GCC_WARN_UNUSED_VARIABLE = YES;
				IPHONEOS_DEPLOYMENT_TARGET = 16.2;
				MTL_ENABLE_DEBUG_INFO = INCLUDE_SOURCE;
				MTL_FAST_MATH = YES;
				ONLY_ACTIVE_ARCH = YES;
				SDKROOT = iphoneos;
				SWIFT_ACTIVE_COMPILATION_CONDITIONS = DEBUG;
				SWIFT_OPTIMIZATION_LEVEL = "-Onone";
			};
			name = Debug;
		};
		78FD67FE29D36EAD00458BFE /* Release */ = {
			isa = XCBuildConfiguration;
			buildSettings = {
				ALWAYS_SEARCH_USER_PATHS = NO;
				CLANG_ANALYZER_NONNULL = YES;
				CLANG_ANALYZER_NUMBER_OBJECT_CONVERSION = YES_AGGRESSIVE;
				CLANG_CXX_LANGUAGE_STANDARD = "gnu++20";
				CLANG_ENABLE_MODULES = YES;
				CLANG_ENABLE_OBJC_ARC = YES;
				CLANG_ENABLE_OBJC_WEAK = YES;
				CLANG_WARN_BLOCK_CAPTURE_AUTORELEASING = YES;
				CLANG_WARN_BOOL_CONVERSION = YES;
				CLANG_WARN_COMMA = YES;
				CLANG_WARN_CONSTANT_CONVERSION = YES;
				CLANG_WARN_DEPRECATED_OBJC_IMPLEMENTATIONS = YES;
				CLANG_WARN_DIRECT_OBJC_ISA_USAGE = YES_ERROR;
				CLANG_WARN_DOCUMENTATION_COMMENTS = YES;
				CLANG_WARN_EMPTY_BODY = YES;
				CLANG_WARN_ENUM_CONVERSION = YES;
				CLANG_WARN_INFINITE_RECURSION = YES;
				CLANG_WARN_INT_CONVERSION = YES;
				CLANG_WARN_NON_LITERAL_NULL_CONVERSION = YES;
				CLANG_WARN_OBJC_IMPLICIT_RETAIN_SELF = YES;
				CLANG_WARN_OBJC_LITERAL_CONVERSION = YES;
				CLANG_WARN_OBJC_ROOT_CLASS = YES_ERROR;
				CLANG_WARN_QUOTED_INCLUDE_IN_FRAMEWORK_HEADER = YES;
				CLANG_WARN_RANGE_LOOP_ANALYSIS = YES;
				CLANG_WARN_STRICT_PROTOTYPES = YES;
				CLANG_WARN_SUSPICIOUS_MOVE = YES;
				CLANG_WARN_UNGUARDED_AVAILABILITY = YES_AGGRESSIVE;
				CLANG_WARN_UNREACHABLE_CODE = YES;
				CLANG_WARN__DUPLICATE_METHOD_MATCH = YES;
				COPY_PHASE_STRIP = NO;
				DEBUG_INFORMATION_FORMAT = "dwarf-with-dsym";
				ENABLE_NS_ASSERTIONS = NO;
				ENABLE_STRICT_OBJC_MSGSEND = YES;
				GCC_C_LANGUAGE_STANDARD = gnu11;
				GCC_NO_COMMON_BLOCKS = YES;
				GCC_WARN_64_TO_32_BIT_CONVERSION = YES;
				GCC_WARN_ABOUT_RETURN_TYPE = YES_ERROR;
				GCC_WARN_UNDECLARED_SELECTOR = YES;
				GCC_WARN_UNINITIALIZED_AUTOS = YES_AGGRESSIVE;
				GCC_WARN_UNUSED_FUNCTION = YES;
				GCC_WARN_UNUSED_VARIABLE = YES;
				IPHONEOS_DEPLOYMENT_TARGET = 16.2;
				MTL_ENABLE_DEBUG_INFO = NO;
				MTL_FAST_MATH = YES;
				SDKROOT = iphoneos;
				SWIFT_COMPILATION_MODE = wholemodule;
				SWIFT_OPTIMIZATION_LEVEL = "-O";
				VALIDATE_PRODUCT = YES;
			};
			name = Release;
		};
		78FD680029D36EAD00458BFE /* Debug */ = {
			isa = XCBuildConfiguration;
			buildSettings = {
				ASSETCATALOG_COMPILER_APPICON_NAME = AppIcon;
				ASSETCATALOG_COMPILER_GLOBAL_ACCENT_COLOR_NAME = AccentColor;
				CODE_SIGN_STYLE = Automatic;
				CURRENT_PROJECT_VERSION = 1;
				DEVELOPMENT_TEAM = F5F7NPNRK8;
				GENERATE_INFOPLIST_FILE = YES;
				INFOPLIST_FILE = "Challenge_2-3/Info.plist";
				INFOPLIST_KEY_UIApplicationSupportsIndirectInputEvents = YES;
				INFOPLIST_KEY_UILaunchStoryboardName = LaunchScreen;
				INFOPLIST_KEY_UIMainStoryboardFile = Main;
				INFOPLIST_KEY_UISupportedInterfaceOrientations_iPad = "UIInterfaceOrientationPortrait UIInterfaceOrientationPortraitUpsideDown UIInterfaceOrientationLandscapeLeft UIInterfaceOrientationLandscapeRight";
				INFOPLIST_KEY_UISupportedInterfaceOrientations_iPhone = "UIInterfaceOrientationPortrait UIInterfaceOrientationLandscapeLeft UIInterfaceOrientationLandscapeRight";
				LD_RUNPATH_SEARCH_PATHS = (
					"$(inherited)",
					"@executable_path/Frameworks",
				);
				MARKETING_VERSION = 1.0;
				PRODUCT_BUNDLE_IDENTIFIER = "com.example.Challenge-2-3";
				PRODUCT_NAME = "$(TARGET_NAME)";
				SWIFT_EMIT_LOC_STRINGS = YES;
				SWIFT_VERSION = 5.0;
				TARGETED_DEVICE_FAMILY = "1,2";
			};
			name = Debug;
		};
		78FD680129D36EAD00458BFE /* Release */ = {
			isa = XCBuildConfiguration;
			buildSettings = {
				ASSETCATALOG_COMPILER_APPICON_NAME = AppIcon;
				ASSETCATALOG_COMPILER_GLOBAL_ACCENT_COLOR_NAME = AccentColor;
				CODE_SIGN_STYLE = Automatic;
				CURRENT_PROJECT_VERSION = 1;
				DEVELOPMENT_TEAM = F5F7NPNRK8;
				GENERATE_INFOPLIST_FILE = YES;
				INFOPLIST_FILE = "Challenge_2-3/Info.plist";
				INFOPLIST_KEY_UIApplicationSupportsIndirectInputEvents = YES;
				INFOPLIST_KEY_UILaunchStoryboardName = LaunchScreen;
				INFOPLIST_KEY_UIMainStoryboardFile = Main;
				INFOPLIST_KEY_UISupportedInterfaceOrientations_iPad = "UIInterfaceOrientationPortrait UIInterfaceOrientationPortraitUpsideDown UIInterfaceOrientationLandscapeLeft UIInterfaceOrientationLandscapeRight";
				INFOPLIST_KEY_UISupportedInterfaceOrientations_iPhone = "UIInterfaceOrientationPortrait UIInterfaceOrientationLandscapeLeft UIInterfaceOrientationLandscapeRight";
				LD_RUNPATH_SEARCH_PATHS = (
					"$(inherited)",
					"@executable_path/Frameworks",
				);
				MARKETING_VERSION = 1.0;
				PRODUCT_BUNDLE_IDENTIFIER = "com.example.Challenge-2-3";
				PRODUCT_NAME = "$(TARGET_NAME)";
				SWIFT_EMIT_LOC_STRINGS = YES;
				SWIFT_VERSION = 5.0;
				TARGETED_DEVICE_FAMILY = "1,2";
			};
			name = Release;
		};
/* End XCBuildConfiguration section */

/* Begin XCConfigurationList section */
		78FD67E329D36EAB00458BFE /* Build configuration list for PBXProject "Challenge_2-3" */ = {
			isa = XCConfigurationList;
			buildConfigurations = (
				78FD67FD29D36EAD00458BFE /* Debug */,
				78FD67FE29D36EAD00458BFE /* Release */,
			);
			defaultConfigurationIsVisible = 0;
			defaultConfigurationName = Release;
		};
		78FD67FF29D36EAD00458BFE /* Build configuration list for PBXNativeTarget "Challenge_2-3" */ = {
			isa = XCConfigurationList;
			buildConfigurations = (
				78FD680029D36EAD00458BFE /* Debug */,
				78FD680129D36EAD00458BFE /* Release */,
			);
			defaultConfigurationIsVisible = 0;
			defaultConfigurationName = Release;
		};
/* End XCConfigurationList section */

/* Begin XCVersionGroup section */
		78FD67F429D36EAB00458BFE /* Challenge_2_3.xcdatamodeld */ = {
			isa = XCVersionGroup;
			children = (
				78FD67F529D36EAB00458BFE /* Challenge_2_3.xcdatamodel */,
			);
			currentVersion = 78FD67F529D36EAB00458BFE /* Challenge_2_3.xcdatamodel */;
			path = Challenge_2_3.xcdatamodeld;
			sourceTree = "<group>";
			versionGroupType = wrapper.xcdatamodel;
		};
/* End XCVersionGroup section */
	};
	rootObject = 78FD67E029D36EAB00458BFE /* Project object */;
}
